
Microsoft Visual Studio Solution File, Format Version 12.00
# Visual Studio 14
VisualStudioVersion = 14.0.25123.0
MinimumVisualStudioVersion = 10.0.40219.1
Project("{8BC9CEB8-8B4A-11D0-8D11-00A0C91BC942}") = "LLCPP_006_Exercise_05", "LLCPP_006_Exercise_05.vcxproj", "{22C99C3D-3A88-4281-A824-B42529BE8D22}"
EndProject
Global
	GlobalSection(SolutionConfigurationPlatforms) = preSolution
		Debug|x64 = Debug|x64
		Debug|x86 = Debug|x86
		Release|x64 = Release|x64
		Release|x86 = Release|x86
	EndGlobalSection
	GlobalSection(ProjectConfigurationPlatforms) = postSolution
		{22C99C3D-3A88-4281-A824-B42529BE8D22}.Debug|x64.ActiveCfg = Debug|x64
		{22C99C3D-3A88-4281-A824-B42529BE8D22}.Debug|x64.Build.0 = Debug|x64
		{22C99C3D-3A88-4281-A824-B42529BE8D22}.Debug|x86.ActiveCfg = Debug|Win32
		{22C99C3D-3A88-4281-A824-B42529BE8D22}.Debug|x86.Build.0 = Debug|Win32
		{22C99C3D-3A88-4281-A824-B42529BE8D22}.Release|x64.ActiveCfg = Release|x64
		{22C99C3D-3A88-4281-A824-B42529BE8D22}.Release|x64.Build.0 = Release|x64
		{22C99C3D-3A88-4281-A824-B42529BE8D22}.Release|x86.ActiveCfg = Release|Win32
		{22C99C3D-3A88-4281-A824-B42529BE8D22}.Release|x86.Build.0 = Release|Win32
	EndGlobalSection
	GlobalSection(SolutionProperties) = preSolution
		HideSolutionNode = FALSE
	EndGlobalSection
EndGlobal
